
Microsoft Visual Studio Solution File, Format Version 12.00
# Visual Studio Version 17
VisualStudioVersion = 17.10.34928.147
MinimumVisualStudioVersion = 10.0.40219.1
Project("{FAE04EC0-301F-11D3-BF4B-00C04F79EFBC}") = "AntiTriliza", "AntiTriliza\AntiTriliza.csproj", "{EA886001-D294-4E7E-BB9C-36C915007F2F}"
EndProject
Global
	GlobalSection(SolutionConfigurationPlatforms) = preSolution
		Debug|Any CPU = Debug|Any CPU
		Release|Any CPU = Release|Any CPU
	EndGlobalSection
	GlobalSection(ProjectConfigurationPlatforms) = postSolution
		{EA886001-D294-4E7E-BB9C-36C915007F2F}.Debug|Any CPU.ActiveCfg = Debug|Any CPU
		{EA886001-D294-4E7E-BB9C-36C915007F2F}.Debug|Any CPU.Build.0 = Debug|Any CPU
		{EA886001-D294-4E7E-BB9C-36C915007F2F}.Release|Any CPU.ActiveCfg = Release|Any CPU
		{EA886001-D294-4E7E-BB9C-36C915007F2F}.Release|Any CPU.Build.0 = Release|Any CPU
	EndGlobalSection
	GlobalSection(SolutionProperties) = preSolution
		HideSolutionNode = FALSE
	EndGlobalSection
	GlobalSection(ExtensibilityGlobals) = postSolution
		SolutionGuid = {1F2DB82C-77A2-479A-AA90-078CB5ACF21E}
	EndGlobalSection
EndGlobal
